
Microsoft Visual Studio Solution File, Format Version 12.00
# Visual Studio Version 16
VisualStudioVersion = 16.0.30611.23
MinimumVisualStudioVersion = 10.0.40219.1
Project("{FAE04EC0-301F-11D3-BF4B-00C04F79EFBC}") = "Test1QuestionOne", "Test1\Test1QuestionOne.csproj", "{4087B45F-CA87-4DF1-842B-2956AB2D8F1F}"
EndProject
Project("{FAE04EC0-301F-11D3-BF4B-00C04F79EFBC}") = "Test1QuestionTwo", "Test1QuestionTwo\Test1QuestionTwo.csproj", "{D442C4D9-B101-4D10-84C2-FC0BD5C962A7}"
EndProject
Project("{FAE04EC0-301F-11D3-BF4B-00C04F79EFBC}") = "Test1QuestionThree", "Test1QuestionThree\Test1QuestionThree.csproj", "{E9BB7476-59AC-4D8B-9797-40B986A5499D}"
EndProject
Global
	GlobalSection(SolutionConfigurationPlatforms) = preSolution
		Debug|Any CPU = Debug|Any CPU
		Release|Any CPU = Release|Any CPU
	EndGlobalSection
	GlobalSection(ProjectConfigurationPlatforms) = postSolution
		{4087B45F-CA87-4DF1-842B-2956AB2D8F1F}.Debug|Any CPU.ActiveCfg = Debug|Any CPU
		{4087B45F-CA87-4DF1-842B-2956AB2D8F1F}.Debug|Any CPU.Build.0 = Debug|Any CPU
		{4087B45F-CA87-4DF1-842B-2956AB2D8F1F}.Release|Any CPU.ActiveCfg = Release|Any CPU
		{4087B45F-CA87-4DF1-842B-2956AB2D8F1F}.Release|Any CPU.Build.0 = Release|Any CPU
		{D442C4D9-B101-4D10-84C2-FC0BD5C962A7}.Debug|Any CPU.ActiveCfg = Debug|Any CPU
		{D442C4D9-B101-4D10-84C2-FC0BD5C962A7}.Debug|Any CPU.Build.0 = Debug|Any CPU
		{D442C4D9-B101-4D10-84C2-FC0BD5C962A7}.Release|Any CPU.ActiveCfg = Release|Any CPU
		{D442C4D9-B101-4D10-84C2-FC0BD5C962A7}.Release|Any CPU.Build.0 = Release|Any CPU
		{E9BB7476-59AC-4D8B-9797-40B986A5499D}.Debug|Any CPU.ActiveCfg = Debug|Any CPU
		{E9BB7476-59AC-4D8B-9797-40B986A5499D}.Debug|Any CPU.Build.0 = Debug|Any CPU
		{E9BB7476-59AC-4D8B-9797-40B986A5499D}.Release|Any CPU.ActiveCfg = Release|Any CPU
		{E9BB7476-59AC-4D8B-9797-40B986A5499D}.Release|Any CPU.Build.0 = Release|Any CPU
	EndGlobalSection
	GlobalSection(SolutionProperties) = preSolution
		HideSolutionNode = FALSE
	EndGlobalSection
	GlobalSection(ExtensibilityGlobals) = postSolution
		SolutionGuid = {61AA0B98-595E-4AB7-82AF-6A92187BC3E7}
	EndGlobalSection
EndGlobal
